{
  "name": "sap-cf-socks",
  "version": "0.1.0",
  "lockfileVersion": 2,
  "requires": true,
  "packages": {
    "": {
      "name": "sap-cf-socks",
      "version": "0.1.0",
      "license": "Apache-2.0",
      "dependencies": {
        "@sap/xsenv": "^3.1.0",
        "socks": "^2.6.0"
      }
    },
    "node_modules/@sap/xsenv": {
      "version": "3.1.1",
      "resolved": "https://registry.npmjs.org/@sap/xsenv/-/xsenv-3.1.1.tgz",
      "integrity": "sha512-7UOnJNRdvb6d+LqgLf0qZLtcG18Fo7ZquxaQ5Pk33wGtpB0pTDCuV7z7JgAv2QTLx4aqtxTI435YFwa4kCnWzA==",
      "hasShrinkwrap": true,
      "dependencies": {
        "debug": "4.2.0",
        "verror": "1.10.0"
      },
      "engines": {
        "node": "^8.0.0 || ^10.0.0 || ^12.0.0 || ^14.0.0"
      }
    },
    "node_modules/@sap/xsenv/node_modules/assert-plus": {
      "version": "1.0.0"
    },
    "node_modules/@sap/xsenv/node_modules/core-util-is": {
      "version": "1.0.2"
    },
    "node_modules/@sap/xsenv/node_modules/debug": {
      "version": "4.2.0",
      "dependencies": {
        "ms": "2.1.2"
      }
    },
    "node_modules/@sap/xsenv/node_modules/extsprintf": {
      "version": "1.4.0"
    },
    "node_modules/@sap/xsenv/node_modules/ms": {
      "version": "2.1.2"
    },
    "node_modules/@sap/xsenv/node_modules/verror": {
      "version": "1.10.0",
      "dependencies": {
        "assert-plus": "^1.0.0",
        "core-util-is": "1.0.2",
        "extsprintf": "^1.2.0"
      }
    },
    "node_modules/ip": {
      "version": "1.1.5",
      "resolved": "https://registry.npmjs.org/ip/-/ip-1.1.5.tgz",
      "integrity": "sha1-vd7XARQpCCjAoDnnLvJfWq7ENUo="
    },
    "node_modules/smart-buffer": {
      "version": "4.2.0",
      "resolved": "https://registry.npmjs.org/smart-buffer/-/smart-buffer-4.2.0.tgz",
      "integrity": "sha512-94hK0Hh8rPqQl2xXc3HsaBoOXKV20MToPkcXvwbISWLEs+64sBq5kFgn2kJDHb1Pry9yrP0dxrCI9RRci7RXKg==",
      "engines": {
        "node": ">= 6.0.0",
        "npm": ">= 3.0.0"
      }
    },
    "node_modules/socks": {
      "version": "2.6.1",
      "resolved": "https://registry.npmjs.org/socks/-/socks-2.6.1.tgz",
      "integrity": "sha512-kLQ9N5ucj8uIcxrDwjm0Jsqk06xdpBjGNQtpXy4Q8/QY2k+fY7nZH8CARy+hkbG+SGAovmzzuauCpBlb8FrnBA==",
      "dependencies": {
        "ip": "^1.1.5",
        "smart-buffer": "^4.1.0"
      },
      "engines": {
        "node": ">= 10.13.0",
        "npm": ">= 3.0.0"
      }
    }
  },
  "dependencies": {
    "@sap/xsenv": {
      "version": "3.1.1",
      "resolved": "https://registry.npmjs.org/@sap/xsenv/-/xsenv-3.1.1.tgz",
      "integrity": "sha512-7UOnJNRdvb6d+LqgLf0qZLtcG18Fo7ZquxaQ5Pk33wGtpB0pTDCuV7z7JgAv2QTLx4aqtxTI435YFwa4kCnWzA==",
      "requires": {
        "debug": "4.2.0",
        "verror": "1.10.0"
      },
      "dependencies": {
        "assert-plus": {
          "version": "1.0.0"
        },
        "core-util-is": {
          "version": "1.0.2"
        },
        "debug": {
          "version": "4.2.0",
          "requires": {
            "ms": "2.1.2"
          }
        },
        "extsprintf": {
          "version": "1.4.0"
        },
        "ms": {
          "version": "2.1.2"
        },
        "verror": {
          "version": "1.10.0",
          "requires": {
            "assert-plus": "^1.0.0",
            "core-util-is": "1.0.2",
            "extsprintf": "^1.2.0"
          }
        }
      }
    },
    "ip": {
      "version": "1.1.5",
      "resolved": "https://registry.npmjs.org/ip/-/ip-1.1.5.tgz",
      "integrity": "sha1-vd7XARQpCCjAoDnnLvJfWq7ENUo="
    },
    "smart-buffer": {
      "version": "4.2.0",
      "resolved": "https://registry.npmjs.org/smart-buffer/-/smart-buffer-4.2.0.tgz",
      "integrity": "sha512-94hK0Hh8rPqQl2xXc3HsaBoOXKV20MToPkcXvwbISWLEs+64sBq5kFgn2kJDHb1Pry9yrP0dxrCI9RRci7RXKg=="
    },
    "socks": {
      "version": "2.6.1",
      "resolved": "https://registry.npmjs.org/socks/-/socks-2.6.1.tgz",
      "integrity": "sha512-kLQ9N5ucj8uIcxrDwjm0Jsqk06xdpBjGNQtpXy4Q8/QY2k+fY7nZH8CARy+hkbG+SGAovmzzuauCpBlb8FrnBA==",
      "requires": {
        "ip": "^1.1.5",
        "smart-buffer": "^4.1.0"
      }
    }
  }
}
